
Microsoft Visual Studio Solution File, Format Version 12.00
# Visual Studio Version 17
VisualStudioVersion = 17.0.31903.59
MinimumVisualStudioVersion = 10.0.40219.1
Project("{FAE04EC0-301F-11D3-BF4B-00C04F79EFBC}") = "Players_API", "Players_API\Players_API.csproj", "{A7C3207D-2F64-458B-9E7F-D1C95568A5C3}"
EndProject
Global
	GlobalSection(SolutionConfigurationPlatforms) = preSolution
		Debug|Any CPU = Debug|Any CPU
		Release|Any CPU = Release|Any CPU
	EndGlobalSection
	GlobalSection(SolutionProperties) = preSolution
		HideSolutionNode = FALSE
	EndGlobalSection
	GlobalSection(ProjectConfigurationPlatforms) = postSolution
		{A7C3207D-2F64-458B-9E7F-D1C95568A5C3}.Debug|Any CPU.ActiveCfg = Debug|Any CPU
		{A7C3207D-2F64-458B-9E7F-D1C95568A5C3}.Debug|Any CPU.Build.0 = Debug|Any CPU
		{A7C3207D-2F64-458B-9E7F-D1C95568A5C3}.Release|Any CPU.ActiveCfg = Release|Any CPU
		{A7C3207D-2F64-458B-9E7F-D1C95568A5C3}.Release|Any CPU.Build.0 = Release|Any CPU
	EndGlobalSection
EndGlobal
